// !$*UTF8*$!
{
	archiveVersion = 1;
	classes = {
	};
	objectVersion = 46;
	objects = {

/* Begin PBXBuildFile section */
		BA93EC8F1F435DEC00599B23 /* AppDelegate.swift in Sources */ = {isa = PBXBuildFile; fileRef = BA93EC8E1F435DEC00599B23 /* AppDelegate.swift */; };
		BA93EC981F435DEC00599B23 /* Assets.xcassets in Resources */ = {isa = PBXBuildFile; fileRef = BA93EC971F435DEC00599B23 /* Assets.xcassets */; };
		BA93ECA41F435EED00599B23 /* EventsViewController.swift in Sources */ = {isa = PBXBuildFile; fileRef = BA93ECA21F435EED00599B23 /* EventsViewController.swift */; };
		BA93ECA51F435EED00599B23 /* TodayViewController.swift in Sources */ = {isa = PBXBuildFile; fileRef = BA93ECA31F435EED00599B23 /* TodayViewController.swift */; };
		BA93ECA91F435F1000599B23 /* Info.plist in Resources */ = {isa = PBXBuildFile; fileRef = BA93ECA81F435F1000599B23 /* Info.plist */; };
		BA93ECAC1F435F3400599B23 /* LaunchScreen.storyboard in Resources */ = {isa = PBXBuildFile; fileRef = BA93ECAA1F435F3400599B23 /* LaunchScreen.storyboard */; };
		BA93ECAD1F435F3400599B23 /* Main.storyboard in Resources */ = {isa = PBXBuildFile; fileRef = BA93ECAB1F435F3400599B23 /* Main.storyboard */; };
		BA93ECAF1F43617800599B23 /* GoogleService-Info.plist in Resources */ = {isa = PBXBuildFile; fileRef = BA93ECAE1F43617800599B23 /* GoogleService-Info.plist */; };
		DED1E236DC34BC512C64AF48 /* Pods_Civic_Event_Exchange.framework in Frameworks */ = {isa = PBXBuildFile; fileRef = FEF9BE58440E50D79C190099 /* Pods_Civic_Event_Exchange.framework */; };
/* End PBXBuildFile section */

/* Begin PBXFileReference section */
		1B25726BDCFCD55C5741EAB0 /* Pods-Civic Event Exchange.release.xcconfig */ = {isa = PBXFileReference; includeInIndex = 1; lastKnownFileType = text.xcconfig; name = "Pods-Civic Event Exchange.release.xcconfig"; path = "Pods/Target Support Files/Pods-Civic Event Exchange/Pods-Civic Event Exchange.release.xcconfig"; sourceTree = "<group>"; };
		41FA3CC1AD2799CC162EE179 /* Pods-Civic Event Exchange.debug.xcconfig */ = {isa = PBXFileReference; includeInIndex = 1; lastKnownFileType = text.xcconfig; name = "Pods-Civic Event Exchange.debug.xcconfig"; path = "Pods/Target Support Files/Pods-Civic Event Exchange/Pods-Civic Event Exchange.debug.xcconfig"; sourceTree = "<group>"; };
		BA93EC8B1F435DEC00599B23 /* Civic Event Exchange.app */ = {isa = PBXFileReference; explicitFileType = wrapper.application; includeInIndex = 0; path = "Civic Event Exchange.app"; sourceTree = BUILT_PRODUCTS_DIR; };
		BA93EC8E1F435DEC00599B23 /* AppDelegate.swift */ = {isa = PBXFileReference; lastKnownFileType = sourcecode.swift; path = AppDelegate.swift; sourceTree = "<group>"; };
		BA93EC971F435DEC00599B23 /* Assets.xcassets */ = {isa = PBXFileReference; lastKnownFileType = folder.assetcatalog; path = Assets.xcassets; sourceTree = "<group>"; };
		BA93ECA21F435EED00599B23 /* EventsViewController.swift */ = {isa = PBXFileReference; fileEncoding = 4; lastKnownFileType = sourcecode.swift; name = EventsViewController.swift; path = Controllers/EventsViewController.swift; sourceTree = "<group>"; };
		BA93ECA31F435EED00599B23 /* TodayViewController.swift */ = {isa = PBXFileReference; fileEncoding = 4; lastKnownFileType = sourcecode.swift; name = TodayViewController.swift; path = Controllers/TodayViewController.swift; sourceTree = "<group>"; };
		BA93ECA81F435F1000599B23 /* Info.plist */ = {isa = PBXFileReference; fileEncoding = 4; lastKnownFileType = text.plist.xml; name = Info.plist; path = Supporting/Info.plist; sourceTree = "<group>"; };
		BA93ECAA1F435F3400599B23 /* LaunchScreen.storyboard */ = {isa = PBXFileReference; fileEncoding = 4; lastKnownFileType = file.storyboard; name = LaunchScreen.storyboard; path = Storyboards/LaunchScreen.storyboard; sourceTree = "<group>"; };
		BA93ECAB1F435F3400599B23 /* Main.storyboard */ = {isa = PBXFileReference; fileEncoding = 4; lastKnownFileType = file.storyboard; name = Main.storyboard; path = Storyboards/Main.storyboard; sourceTree = "<group>"; };
		BA93ECAE1F43617800599B23 /* GoogleService-Info.plist */ = {isa = PBXFileReference; fileEncoding = 4; lastKnownFileType = text.plist.xml; name = "GoogleService-Info.plist"; path = "Supporting/GoogleService-Info.plist"; sourceTree = "<group>"; };
		FEF9BE58440E50D79C190099 /* Pods_Civic_Event_Exchange.framework */ = {isa = PBXFileReference; explicitFileType = wrapper.framework; includeInIndex = 0; path = Pods_Civic_Event_Exchange.framework; sourceTree = BUILT_PRODUCTS_DIR; };
/* End PBXFileReference section */

/* Begin PBXFrameworksBuildPhase section */
		BA93EC881F435DEC00599B23 /* Frameworks */ = {
			isa = PBXFrameworksBuildPhase;
			buildActionMask = 2147483647;
			files = (
				DED1E236DC34BC512C64AF48 /* Pods_Civic_Event_Exchange.framework in Frameworks */,
			);
			runOnlyForDeploymentPostprocessing = 0;
		};
/* End PBXFrameworksBuildPhase section */

/* Begin PBXGroup section */
		3D641819D1901AA512AF2D18 /* Pods */ = {
			isa = PBXGroup;
			children = (
				41FA3CC1AD2799CC162EE179 /* Pods-Civic Event Exchange.debug.xcconfig */,
				1B25726BDCFCD55C5741EAB0 /* Pods-Civic Event Exchange.release.xcconfig */,
			);
			name = Pods;
			sourceTree = "<group>";
		};
		BA93EC821F435DEC00599B23 = {
			isa = PBXGroup;
			children = (
				BA93EC8D1F435DEC00599B23 /* Civic Event Exchange */,
				BA93EC8C1F435DEC00599B23 /* Products */,
				3D641819D1901AA512AF2D18 /* Pods */,
				E4185EBFADCAD3649F4AB947 /* Frameworks */,
			);
			sourceTree = "<group>";
		};
		BA93EC8C1F435DEC00599B23 /* Products */ = {
			isa = PBXGroup;
			children = (
				BA93EC8B1F435DEC00599B23 /* Civic Event Exchange.app */,
			);
			name = Products;
			sourceTree = "<group>";
		};
		BA93EC8D1F435DEC00599B23 /* Civic Event Exchange */ = {
			isa = PBXGroup;
			children = (
				BA93EC8E1F435DEC00599B23 /* AppDelegate.swift */,
				BAE7670C1F4379DE002AAC6F /* ViewControllers */,
				BAE7670E1F4379F0002AAC6F /* Models */,
				BAE7670D1F4379E6002AAC6F /* Views */,
				BAE7670B1F4379D3002AAC6F /* Storyboards */,
				BAE7670A1F4379B7002AAC6F /* Supporting */,
				BA93EC971F435DEC00599B23 /* Assets.xcassets */,
			);
			path = "Civic Event Exchange";
			sourceTree = "<group>";
		};
		BAE7670A1F4379B7002AAC6F /* Supporting */ = {
			isa = PBXGroup;
			children = (
				BA93ECA81F435F1000599B23 /* Info.plist */,
				BA93ECAE1F43617800599B23 /* GoogleService-Info.plist */,
			);
			name = Supporting;
			sourceTree = "<group>";
		};
		BAE7670B1F4379D3002AAC6F /* Storyboards */ = {
			isa = PBXGroup;
			children = (
				BA93ECAB1F435F3400599B23 /* Main.storyboard */,
				BA93ECAA1F435F3400599B23 /* LaunchScreen.storyboard */,
			);
			name = Storyboards;
			sourceTree = "<group>";
		};
		BAE7670C1F4379DE002AAC6F /* ViewControllers */ = {
			isa = PBXGroup;
			children = (
				BA93ECA21F435EED00599B23 /* EventsViewController.swift */,
				BA93ECA31F435EED00599B23 /* TodayViewController.swift */,
			);
			name = ViewControllers;
			sourceTree = "<group>";
		};
		BAE7670D1F4379E6002AAC6F /* Views */ = {
			isa = PBXGroup;
			children = (
			);
			name = Views;
			sourceTree = "<group>";
		};
		BAE7670E1F4379F0002AAC6F /* Models */ = {
			isa = PBXGroup;
			children = (
			);
			name = Models;
			sourceTree = "<group>";
		};
		E4185EBFADCAD3649F4AB947 /* Frameworks */ = {
			isa = PBXGroup;
			children = (
				FEF9BE58440E50D79C190099 /* Pods_Civic_Event_Exchange.framework */,
			);
			name = Frameworks;
			sourceTree = "<group>";
		};
/* End PBXGroup section */

/* Begin PBXNativeTarget section */
		BA93EC8A1F435DEC00599B23 /* Civic Event Exchange */ = {
			isa = PBXNativeTarget;
			buildConfigurationList = BA93EC9F1F435DEC00599B23 /* Build configuration list for PBXNativeTarget "Civic Event Exchange" */;
			buildPhases = (
				DFA32074B8A971D81C06CFEB /* [CP] Check Pods Manifest.lock */,
				BA93EC871F435DEC00599B23 /* Sources */,
				BA93EC881F435DEC00599B23 /* Frameworks */,
				BA93EC891F435DEC00599B23 /* Resources */,
				956A9AFA3AB9E76F9361D665 /* [CP] Embed Pods Frameworks */,
				0E5A77144486D0F85E7466BD /* [CP] Copy Pods Resources */,
			);
			buildRules = (
			);
			dependencies = (
			);
			name = "Civic Event Exchange";
			productName = "Civic Event Exchange";
			productReference = BA93EC8B1F435DEC00599B23 /* Civic Event Exchange.app */;
			productType = "com.apple.product-type.application";
		};
/* End PBXNativeTarget section */

/* Begin PBXProject section */
		BA93EC831F435DEC00599B23 /* Project object */ = {
			isa = PBXProject;
			attributes = {
				LastSwiftUpdateCheck = 0830;
				LastUpgradeCheck = 0830;
				ORGANIZATIONNAME = "Jordan Harvey-Morgan";
				TargetAttributes = {
					BA93EC8A1F435DEC00599B23 = {
						CreatedOnToolsVersion = 8.3.3;
						DevelopmentTeam = 856MTFRCV6;
						ProvisioningStyle = Automatic;
					};
				};
			};
			buildConfigurationList = BA93EC861F435DEC00599B23 /* Build configuration list for PBXProject "Civic Event Exchange" */;
			compatibilityVersion = "Xcode 3.2";
			developmentRegion = English;
			hasScannedForEncodings = 0;
			knownRegions = (
				en,
				Base,
			);
			mainGroup = BA93EC821F435DEC00599B23;
			productRefGroup = BA93EC8C1F435DEC00599B23 /* Products */;
			projectDirPath = "";
			projectRoot = "";
			targets = (
				BA93EC8A1F435DEC00599B23 /* Civic Event Exchange */,
			);
		};
/* End PBXProject section */

/* Begin PBXResourcesBuildPhase section */
		BA93EC891F435DEC00599B23 /* Resources */ = {
			isa = PBXResourcesBuildPhase;
			buildActionMask = 2147483647;
			files = (
				BA93ECAC1F435F3400599B23 /* LaunchScreen.storyboard in Resources */,
				BA93ECA91F435F1000599B23 /* Info.plist in Resources */,
				BA93ECAF1F43617800599B23 /* GoogleService-Info.plist in Resources */,
				BA93EC981F435DEC00599B23 /* Assets.xcassets in Resources */,
				BA93ECAD1F435F3400599B23 /* Main.storyboard in Resources */,
			);
			runOnlyForDeploymentPostprocessing = 0;
		};
/* End PBXResourcesBuildPhase section */

/* Begin PBXShellScriptBuildPhase section */
		0E5A77144486D0F85E7466BD /* [CP] Copy Pods Resources */ = {
			isa = PBXShellScriptBuildPhase;
			buildActionMask = 2147483647;
			files = (
			);
			inputPaths = (
			);
			name = "[CP] Copy Pods Resources";
			outputPaths = (
			);
			runOnlyForDeploymentPostprocessing = 0;
			shellPath = /bin/sh;
			shellScript = "\"${SRCROOT}/Pods/Target Support Files/Pods-Civic Event Exchange/Pods-Civic Event Exchange-resources.sh\"\n";
			showEnvVarsInLog = 0;
		};
		956A9AFA3AB9E76F9361D665 /* [CP] Embed Pods Frameworks */ = {
			isa = PBXShellScriptBuildPhase;
			buildActionMask = 2147483647;
			files = (
			);
			inputPaths = (
			);
			name = "[CP] Embed Pods Frameworks";
			outputPaths = (
			);
			runOnlyForDeploymentPostprocessing = 0;
			shellPath = /bin/sh;
			shellScript = "\"${SRCROOT}/Pods/Target Support Files/Pods-Civic Event Exchange/Pods-Civic Event Exchange-frameworks.sh\"\n";
			showEnvVarsInLog = 0;
		};
		DFA32074B8A971D81C06CFEB /* [CP] Check Pods Manifest.lock */ = {
			isa = PBXShellScriptBuildPhase;
			buildActionMask = 2147483647;
			files = (
			);
			inputPaths = (
			);
			name = "[CP] Check Pods Manifest.lock";
			outputPaths = (
			);
			runOnlyForDeploymentPostprocessing = 0;
			shellPath = /bin/sh;
			shellScript = "diff \"${PODS_ROOT}/../Podfile.lock\" \"${PODS_ROOT}/Manifest.lock\" > /dev/null\nif [ $? != 0 ] ; then\n    # print error to STDERR\n    echo \"error: The sandbox is not in sync with the Podfile.lock. Run 'pod install' or update your CocoaPods installation.\" >&2\n    exit 1\nfi\n";
			showEnvVarsInLog = 0;
		};
/* End PBXShellScriptBuildPhase section */

/* Begin PBXSourcesBuildPhase section */
		BA93EC871F435DEC00599B23 /* Sources */ = {
			isa = PBXSourcesBuildPhase;
			buildActionMask = 2147483647;
			files = (
				BA93ECA51F435EED00599B23 /* TodayViewController.swift in Sources */,
				BA93EC8F1F435DEC00599B23 /* AppDelegate.swift in Sources */,
				BA93ECA41F435EED00599B23 /* EventsViewController.swift in Sources */,
			);
			runOnlyForDeploymentPostprocessing = 0;
		};
/* End PBXSourcesBuildPhase section */

/* Begin XCBuildConfiguration section */
		BA93EC9D1F435DEC00599B23 /* Debug */ = {
			isa = XCBuildConfiguration;
			buildSettings = {
				ALWAYS_SEARCH_USER_PATHS = NO;
				CLANG_ANALYZER_NONNULL = YES;
				CLANG_ANALYZER_NUMBER_OBJECT_CONVERSION = YES_AGGRESSIVE;
				CLANG_CXX_LANGUAGE_STANDARD = "gnu++0x";
				CLANG_CXX_LIBRARY = "libc++";
				CLANG_ENABLE_MODULES = YES;
				CLANG_ENABLE_OBJC_ARC = YES;
				CLANG_WARN_BOOL_CONVERSION = YES;
				CLANG_WARN_CONSTANT_CONVERSION = YES;
				CLANG_WARN_DIRECT_OBJC_ISA_USAGE = YES_ERROR;
				CLANG_WARN_DOCUMENTATION_COMMENTS = YES;
				CLANG_WARN_EMPTY_BODY = YES;
				CLANG_WARN_ENUM_CONVERSION = YES;
				CLANG_WARN_INFINITE_RECURSION = YES;
				CLANG_WARN_INT_CONVERSION = YES;
				CLANG_WARN_OBJC_ROOT_CLASS = YES_ERROR;
				CLANG_WARN_SUSPICIOUS_MOVE = YES;
				CLANG_WARN_UNREACHABLE_CODE = YES;
				CLANG_WARN__DUPLICATE_METHOD_MATCH = YES;
				"CODE_SIGN_IDENTITY[sdk=iphoneos*]" = "iPhone Developer";
				COPY_PHASE_STRIP = NO;
				DEBUG_INFORMATION_FORMAT = dwarf;
				ENABLE_STRICT_OBJC_MSGSEND = YES;
				ENABLE_TESTABILITY = YES;
				GCC_C_LANGUAGE_STANDARD = gnu99;
				GCC_DYNAMIC_NO_PIC = NO;
				GCC_NO_COMMON_BLOCKS = YES;
				GCC_OPTIMIZATION_LEVEL = 0;
				GCC_PREPROCESSOR_DEFINITIONS = (
					"DEBUG=1",
					"$(inherited)",
				);
				GCC_WARN_64_TO_32_BIT_CONVERSION = YES;
				GCC_WARN_ABOUT_RETURN_TYPE = YES_ERROR;
				GCC_WARN_UNDECLARED_SELECTOR = YES;
				GCC_WARN_UNINITIALIZED_AUTOS = YES_AGGRESSIVE;
				GCC_WARN_UNUSED_FUNCTION = YES;
				GCC_WARN_UNUSED_VARIABLE = YES;
				IPHONEOS_DEPLOYMENT_TARGET = 10.3;
				MTL_ENABLE_DEBUG_INFO = YES;
				ONLY_ACTIVE_ARCH = YES;
				SDKROOT = iphoneos;
				SWIFT_ACTIVE_COMPILATION_CONDITIONS = DEBUG;
				SWIFT_OPTIMIZATION_LEVEL = "-Onone";
			};
			name = Debug;
		};
		BA93EC9E1F435DEC00599B23 /* Release */ = {
			isa = XCBuildConfiguration;
			buildSettings = {
				ALWAYS_SEARCH_USER_PATHS = NO;
				CLANG_ANALYZER_NONNULL = YES;
				CLANG_ANALYZER_NUMBER_OBJECT_CONVERSION = YES_AGGRESSIVE;
				CLANG_CXX_LANGUAGE_STANDARD = "gnu++0x";
				CLANG_CXX_LIBRARY = "libc++";
				CLANG_ENABLE_MODULES = YES;
				CLANG_ENABLE_OBJC_ARC = YES;
				CLANG_WARN_BOOL_CONVERSION = YES;
				CLANG_WARN_CONSTANT_CONVERSION = YES;
				CLANG_WARN_DIRECT_OBJC_ISA_USAGE = YES_ERROR;
				CLANG_WARN_DOCUMENTATION_COMMENTS = YES;
				CLANG_WARN_EMPTY_BODY = YES;
				CLANG_WARN_ENUM_CONVERSION = YES;
				CLANG_WARN_INFINITE_RECURSION = YES;
				CLANG_WARN_INT_CONVERSION = YES;
				CLANG_WARN_OBJC_ROOT_CLASS = YES_ERROR;
				CLANG_WARN_SUSPICIOUS_MOVE = YES;
				CLANG_WARN_UNREACHABLE_CODE = YES;
				CLANG_WARN__DUPLICATE_METHOD_MATCH = YES;
				"CODE_SIGN_IDENTITY[sdk=iphoneos*]" = "iPhone Developer";
				COPY_PHASE_STRIP = NO;
				DEBUG_INFORMATION_FORMAT = "dwarf-with-dsym";
				ENABLE_NS_ASSERTIONS = NO;
				ENABLE_STRICT_OBJC_MSGSEND = YES;
				GCC_C_LANGUAGE_STANDARD = gnu99;
				GCC_NO_COMMON_BLOCKS = YES;
				GCC_WARN_64_TO_32_BIT_CONVERSION = YES;
				GCC_WARN_ABOUT_RETURN_TYPE = YES_ERROR;
				GCC_WARN_UNDECLARED_SELECTOR = YES;
				GCC_WARN_UNINITIALIZED_AUTOS = YES_AGGRESSIVE;
				GCC_WARN_UNUSED_FUNCTION = YES;
				GCC_WARN_UNUSED_VARIABLE = YES;
				IPHONEOS_DEPLOYMENT_TARGET = 10.3;
				MTL_ENABLE_DEBUG_INFO = NO;
				SDKROOT = iphoneos;
				SWIFT_OPTIMIZATION_LEVEL = "-Owholemodule";
				VALIDATE_PRODUCT = YES;
			};
			name = Release;
		};
		BA93ECA01F435DEC00599B23 /* Debug */ = {
			isa = XCBuildConfiguration;
			baseConfigurationReference = 41FA3CC1AD2799CC162EE179 /* Pods-Civic Event Exchange.debug.xcconfig */;
			buildSettings = {
				ASSETCATALOG_COMPILER_APPICON_NAME = AppIcon;
				DEVELOPMENT_TEAM = 856MTFRCV6;
				INFOPLIST_FILE = "$(SRCROOT)/Civic Event Exchange/Supporting/Info.plist";
				IPHONEOS_DEPLOYMENT_TARGET = 10.3;
				LD_RUNPATH_SEARCH_PATHS = "$(inherited) @executable_path/Frameworks";
				PRODUCT_BUNDLE_IDENTIFIER = "com.jharveymorgan.Civic-Event-Exchange";
				PRODUCT_NAME = "$(TARGET_NAME)";
				SWIFT_VERSION = 3.0;
			};
			name = Debug;
		};
		BA93ECA11F435DEC00599B23 /* Release */ = {
			isa = XCBuildConfiguration;
			baseConfigurationReference = 1B25726BDCFCD55C5741EAB0 /* Pods-Civic Event Exchange.release.xcconfig */;
			buildSettings = {
				ASSETCATALOG_COMPILER_APPICON_NAME = AppIcon;
				DEVELOPMENT_TEAM = 856MTFRCV6;
				INFOPLIST_FILE = "$(SRCROOT)/Civic Event Exchange/Supporting/Info.plist";
				IPHONEOS_DEPLOYMENT_TARGET = 10.3;
				LD_RUNPATH_SEARCH_PATHS = "$(inherited) @executable_path/Frameworks";
				PRODUCT_BUNDLE_IDENTIFIER = "com.jharveymorgan.Civic-Event-Exchange";
				PRODUCT_NAME = "$(TARGET_NAME)";
				SWIFT_VERSION = 3.0;
			};
			name = Release;
		};
/* End XCBuildConfiguration section */

/* Begin XCConfigurationList section */
		BA93EC861F435DEC00599B23 /* Build configuration list for PBXProject "Civic Event Exchange" */ = {
			isa = XCConfigurationList;
			buildConfigurations = (
				BA93EC9D1F435DEC00599B23 /* Debug */,
				BA93EC9E1F435DEC00599B23 /* Release */,
			);
			defaultConfigurationIsVisible = 0;
			defaultConfigurationName = Release;
		};
		BA93EC9F1F435DEC00599B23 /* Build configuration list for PBXNativeTarget "Civic Event Exchange" */ = {
			isa = XCConfigurationList;
			buildConfigurations = (
				BA93ECA01F435DEC00599B23 /* Debug */,
				BA93ECA11F435DEC00599B23 /* Release */,
			);
			defaultConfigurationIsVisible = 0;
			defaultConfigurationName = Release;
		};
/* End XCConfigurationList section */
	};
	rootObject = BA93EC831F435DEC00599B23 /* Project object */;
}
